// !$*UTF8*$!
{
	archiveVersion = 1;
	classes = {
	};
	objectVersion = 46;
	objects = {

/* Begin PBXBuildFile section */
		C948F7AE1F44454C00697E5B /* main.m in Sources */ = {isa = PBXBuildFile; fileRef = C948F7AD1F44454C00697E5B /* main.m */; };
		C948F7B11F44454C00697E5B /* AppDelegate.m in Sources */ = {isa = PBXBuildFile; fileRef = C948F7B01F44454C00697E5B /* AppDelegate.m */; };
		C948F7B41F44454C00697E5B /* ViewController.m in Sources */ = {isa = PBXBuildFile; fileRef = C948F7B31F44454C00697E5B /* ViewController.m */; };
		C948F7B71F44454C00697E5B /* Main.storyboard in Resources */ = {isa = PBXBuildFile; fileRef = C948F7B51F44454C00697E5B /* Main.storyboard */; };
		C948F7B91F44454C00697E5B /* Assets.xcassets in Resources */ = {isa = PBXBuildFile; fileRef = C948F7B81F44454C00697E5B /* Assets.xcassets */; };
		C948F7BC1F44454C00697E5B /* LaunchScreen.storyboard in Resources */ = {isa = PBXBuildFile; fileRef = C948F7BA1F44454C00697E5B /* LaunchScreen.storyboard */; };
		C948F7C51F44463500697E5B /* ReflectionManager.m in Sources */ = {isa = PBXBuildFile; fileRef = C948F7C41F44463500697E5B /* ReflectionManager.m */; };
/* End PBXBuildFile section */

/* Begin PBXFileReference section */
		C948F7A91F44454C00697E5B /* ReflectionManagerDemo.app */ = {isa = PBXFileReference; explicitFileType = wrapper.application; includeInIndex = 0; path = ReflectionManagerDemo.app; sourceTree = BUILT_PRODUCTS_DIR; };
		C948F7AD1F44454C00697E5B /* main.m */ = {isa = PBXFileReference; lastKnownFileType = sourcecode.c.objc; path = main.m; sourceTree = "<group>"; };
		C948F7AF1F44454C00697E5B /* AppDelegate.h */ = {isa = PBXFileReference; lastKnownFileType = sourcecode.c.h; path = AppDelegate.h; sourceTree = "<group>"; };
		C948F7B01F44454C00697E5B /* AppDelegate.m */ = {isa = PBXFileReference; lastKnownFileType = sourcecode.c.objc; path = AppDelegate.m; sourceTree = "<group>"; };
		C948F7B21F44454C00697E5B /* ViewController.h */ = {isa = PBXFileReference; lastKnownFileType = sourcecode.c.h; path = ViewController.h; sourceTree = "<group>"; };
		C948F7B31F44454C00697E5B /* ViewController.m */ = {isa = PBXFileReference; lastKnownFileType = sourcecode.c.objc; path = ViewController.m; sourceTree = "<group>"; };
		C948F7B61F44454C00697E5B /* Base */ = {isa = PBXFileReference; lastKnownFileType = file.storyboard; name = Base; path = Base.lproj/Main.storyboard; sourceTree = "<group>"; };
		C948F7B81F44454C00697E5B /* Assets.xcassets */ = {isa = PBXFileReference; lastKnownFileType = folder.assetcatalog; path = Assets.xcassets; sourceTree = "<group>"; };
		C948F7BB1F44454C00697E5B /* Base */ = {isa = PBXFileReference; lastKnownFileType = file.storyboard; name = Base; path = Base.lproj/LaunchScreen.storyboard; sourceTree = "<group>"; };
		C948F7BD1F44454C00697E5B /* Info.plist */ = {isa = PBXFileReference; lastKnownFileType = text.plist.xml; path = Info.plist; sourceTree = "<group>"; };
		C948F7C31F44463500697E5B /* ReflectionManager.h */ = {isa = PBXFileReference; fileEncoding = 4; lastKnownFileType = sourcecode.c.h; path = ReflectionManager.h; sourceTree = "<group>"; };
		C948F7C41F44463500697E5B /* ReflectionManager.m */ = {isa = PBXFileReference; fileEncoding = 4; lastKnownFileType = sourcecode.c.objc; path = ReflectionManager.m; sourceTree = "<group>"; };
/* End PBXFileReference section */

/* Begin PBXFrameworksBuildPhase section */
		C948F7A61F44454C00697E5B /* Frameworks */ = {
			isa = PBXFrameworksBuildPhase;
			buildActionMask = 2147483647;
			files = (
			);
			runOnlyForDeploymentPostprocessing = 0;
		};
/* End PBXFrameworksBuildPhase section */

/* Begin PBXGroup section */
		C948F7A01F44454C00697E5B = {
			isa = PBXGroup;
			children = (
				C948F7AB1F44454C00697E5B /* ReflectionManagerDemo */,
				C948F7AA1F44454C00697E5B /* Products */,
			);
			sourceTree = "<group>";
		};
		C948F7AA1F44454C00697E5B /* Products */ = {
			isa = PBXGroup;
			children = (
				C948F7A91F44454C00697E5B /* ReflectionManagerDemo.app */,
			);
			name = Products;
			sourceTree = "<group>";
		};
		C948F7AB1F44454C00697E5B /* ReflectionManagerDemo */ = {
			isa = PBXGroup;
			children = (
				C948F7AF1F44454C00697E5B /* AppDelegate.h */,
				C948F7B01F44454C00697E5B /* AppDelegate.m */,
				C948F7B21F44454C00697E5B /* ViewController.h */,
				C948F7B31F44454C00697E5B /* ViewController.m */,
				C948F7B51F44454C00697E5B /* Main.storyboard */,
				C948F7B81F44454C00697E5B /* Assets.xcassets */,
				C948F7BA1F44454C00697E5B /* LaunchScreen.storyboard */,
				C948F7BD1F44454C00697E5B /* Info.plist */,
				C948F7AC1F44454C00697E5B /* Supporting Files */,
				C948F7C31F44463500697E5B /* ReflectionManager.h */,
				C948F7C41F44463500697E5B /* ReflectionManager.m */,
			);
			path = ReflectionManagerDemo;
			sourceTree = "<group>";
		};
		C948F7AC1F44454C00697E5B /* Supporting Files */ = {
			isa = PBXGroup;
			children = (
				C948F7AD1F44454C00697E5B /* main.m */,
			);
			name = "Supporting Files";
			sourceTree = "<group>";
		};
/* End PBXGroup section */

/* Begin PBXNativeTarget section */
		C948F7A81F44454C00697E5B /* ReflectionManagerDemo */ = {
			isa = PBXNativeTarget;
			buildConfigurationList = C948F7C01F44454C00697E5B /* Build configuration list for PBXNativeTarget "ReflectionManagerDemo" */;
			buildPhases = (
				C948F7A51F44454C00697E5B /* Sources */,
				C948F7A61F44454C00697E5B /* Frameworks */,
				C948F7A71F44454C00697E5B /* Resources */,
			);
			buildRules = (
			);
			dependencies = (
			);
			name = ReflectionManagerDemo;
			productName = ReflectionManagerDemo;
			productReference = C948F7A91F44454C00697E5B /* ReflectionManagerDemo.app */;
			productType = "com.apple.product-type.application";
		};
/* End PBXNativeTarget section */

/* Begin PBXProject section */
		C948F7A11F44454C00697E5B /* Project object */ = {
			isa = PBXProject;
			attributes = {
				LastUpgradeCheck = 0820;
				ORGANIZATIONNAME = uzone;
				TargetAttributes = {
					C948F7A81F44454C00697E5B = {
						CreatedOnToolsVersion = 8.2.1;
						DevelopmentTeam = VZ75Z3NBT9;
						ProvisioningStyle = Automatic;
					};
				};
			};
			buildConfigurationList = C948F7A41F44454C00697E5B /* Build configuration list for PBXProject "ReflectionManagerDemo" */;
			compatibilityVersion = "Xcode 3.2";
			developmentRegion = English;
			hasScannedForEncodings = 0;
			knownRegions = (
				en,
				Base,
			);
			mainGroup = C948F7A01F44454C00697E5B;
			productRefGroup = C948F7AA1F44454C00697E5B /* Products */;
			projectDirPath = "";
			projectRoot = "";
			targets = (
				C948F7A81F44454C00697E5B /* ReflectionManagerDemo */,
			);
		};
/* End PBXProject section */

/* Begin PBXResourcesBuildPhase section */
		C948F7A71F44454C00697E5B /* Resources */ = {
			isa = PBXResourcesBuildPhase;
			buildActionMask = 2147483647;
			files = (
				C948F7BC1F44454C00697E5B /* LaunchScreen.storyboard in Resources */,
				C948F7B91F44454C00697E5B /* Assets.xcassets in Resources */,
				C948F7B71F44454C00697E5B /* Main.storyboard in Resources */,
			);
			runOnlyForDeploymentPostprocessing = 0;
		};
/* End PBXResourcesBuildPhase section */

/* Begin PBXSourcesBuildPhase section */
		C948F7A51F44454C00697E5B /* Sources */ = {
			isa = PBXSourcesBuildPhase;
			buildActionMask = 2147483647;
			files = (
				C948F7C51F44463500697E5B /* ReflectionManager.m in Sources */,
				C948F7B41F44454C00697E5B /* ViewController.m in Sources */,
				C948F7B11F44454C00697E5B /* AppDelegate.m in Sources */,
				C948F7AE1F44454C00697E5B /* main.m in Sources */,
			);
			runOnlyForDeploymentPostprocessing = 0;
		};
/* End PBXSourcesBuildPhase section */

/* Begin PBXVariantGroup section */
		C948F7B51F44454C00697E5B /* Main.storyboard */ = {
			isa = PBXVariantGroup;
			children = (
				C948F7B61F44454C00697E5B /* Base */,
			);
			name = Main.storyboard;
			sourceTree = "<group>";
		};
		C948F7BA1F44454C00697E5B /* LaunchScreen.storyboard */ = {
			isa = PBXVariantGroup;
			children = (
				C948F7BB1F44454C00697E5B /* Base */,
			);
			name = LaunchScreen.storyboard;
			sourceTree = "<group>";
		};
/* End PBXVariantGroup section */

/* Begin XCBuildConfiguration section */
		C948F7BE1F44454C00697E5B /* Debug */ = {
			isa = XCBuildConfiguration;
			buildSettings = {
				ALWAYS_SEARCH_USER_PATHS = NO;
				CLANG_ANALYZER_NONNULL = YES;
				CLANG_CXX_LANGUAGE_STANDARD = "gnu++0x";
				CLANG_CXX_LIBRARY = "libc++";
				CLANG_ENABLE_MODULES = YES;
				CLANG_ENABLE_OBJC_ARC = YES;
				CLANG_WARN_BOOL_CONVERSION = YES;
				CLANG_WARN_CONSTANT_CONVERSION = YES;
				CLANG_WARN_DIRECT_OBJC_ISA_USAGE = YES_ERROR;
				CLANG_WARN_DOCUMENTATION_COMMENTS = YES;
				CLANG_WARN_EMPTY_BODY = YES;
				CLANG_WARN_ENUM_CONVERSION = YES;
				CLANG_WARN_INFINITE_RECURSION = YES;
				CLANG_WARN_INT_CONVERSION = YES;
				CLANG_WARN_OBJC_ROOT_CLASS = YES_ERROR;
				CLANG_WARN_SUSPICIOUS_MOVE = YES;
				CLANG_WARN_UNREACHABLE_CODE = YES;
				CLANG_WARN__DUPLICATE_METHOD_MATCH = YES;
				"CODE_SIGN_IDENTITY[sdk=iphoneos*]" = "iPhone Developer";
				COPY_PHASE_STRIP = NO;
				DEBUG_INFORMATION_FORMAT = dwarf;
				ENABLE_STRICT_OBJC_MSGSEND = YES;
				ENABLE_TESTABILITY = YES;
				GCC_C_LANGUAGE_STANDARD = gnu99;
				GCC_DYNAMIC_NO_PIC = NO;
				GCC_NO_COMMON_BLOCKS = YES;
				GCC_OPTIMIZATION_LEVEL = 0;
				GCC_PREPROCESSOR_DEFINITIONS = (
					"DEBUG=1",
					"$(inherited)",
				);
				GCC_WARN_64_TO_32_BIT_CONVERSION = YES;
				GCC_WARN_ABOUT_RETURN_TYPE = YES_ERROR;
				GCC_WARN_UNDECLARED_SELECTOR = YES;
				GCC_WARN_UNINITIALIZED_AUTOS = YES_AGGRESSIVE;
				GCC_WARN_UNUSED_FUNCTION = YES;
				GCC_WARN_UNUSED_VARIABLE = YES;
				IPHONEOS_DEPLOYMENT_TARGET = 10.2;
				MTL_ENABLE_DEBUG_INFO = YES;
				ONLY_ACTIVE_ARCH = YES;
				SDKROOT = iphoneos;
				TARGETED_DEVICE_FAMILY = "1,2";
			};
			name = Debug;
		};
		C948F7BF1F44454C00697E5B /* Release */ = {
			isa = XCBuildConfiguration;
			buildSettings = {
				ALWAYS_SEARCH_USER_PATHS = NO;
				CLANG_ANALYZER_NONNULL = YES;
				CLANG_CXX_LANGUAGE_STANDARD = "gnu++0x";
				CLANG_CXX_LIBRARY = "libc++";
				CLANG_ENABLE_MODULES = YES;
				CLANG_ENABLE_OBJC_ARC = YES;
				CLANG_WARN_BOOL_CONVERSION = YES;
				CLANG_WARN_CONSTANT_CONVERSION = YES;
				CLANG_WARN_DIRECT_OBJC_ISA_USAGE = YES_ERROR;
				CLANG_WARN_DOCUMENTATION_COMMENTS = YES;
				CLANG_WARN_EMPTY_BODY = YES;
				CLANG_WARN_ENUM_CONVERSION = YES;
				CLANG_WARN_INFINITE_RECURSION = YES;
				CLANG_WARN_INT_CONVERSION = YES;
				CLANG_WARN_OBJC_ROOT_CLASS = YES_ERROR;
				CLANG_WARN_SUSPICIOUS_MOVE = YES;
				CLANG_WARN_UNREACHABLE_CODE = YES;
				CLANG_WARN__DUPLICATE_METHOD_MATCH = YES;
				"CODE_SIGN_IDENTITY[sdk=iphoneos*]" = "iPhone Developer";
				COPY_PHASE_STRIP = NO;
				DEBUG_INFORMATION_FORMAT = "dwarf-with-dsym";
				ENABLE_NS_ASSERTIONS = NO;
				ENABLE_STRICT_OBJC_MSGSEND = YES;
				GCC_C_LANGUAGE_STANDARD = gnu99;
				GCC_NO_COMMON_BLOCKS = YES;
				GCC_WARN_64_TO_32_BIT_CONVERSION = YES;
				GCC_WARN_ABOUT_RETURN_TYPE = YES_ERROR;
				GCC_WARN_UNDECLARED_SELECTOR = YES;
				GCC_WARN_UNINITIALIZED_AUTOS = YES_AGGRESSIVE;
				GCC_WARN_UNUSED_FUNCTION = YES;
				GCC_WARN_UNUSED_VARIABLE = YES;
				IPHONEOS_DEPLOYMENT_TARGET = 10.2;
				MTL_ENABLE_DEBUG_INFO = NO;
				SDKROOT = iphoneos;
				TARGETED_DEVICE_FAMILY = "1,2";
				VALIDATE_PRODUCT = YES;
			};
			name = Release;
		};
		C948F7C11F44454C00697E5B /* Debug */ = {
			isa = XCBuildConfiguration;
			buildSettings = {
				ASSETCATALOG_COMPILER_APPICON_NAME = AppIcon;
				DEVELOPMENT_TEAM = VZ75Z3NBT9;
				INFOPLIST_FILE = ReflectionManagerDemo/Info.plist;
				LD_RUNPATH_SEARCH_PATHS = "$(inherited) @executable_path/Frameworks";
				PRODUCT_BUNDLE_IDENTIFIER = com.uzone.ReflectionManagerDemo;
				PRODUCT_NAME = "$(TARGET_NAME)";
			};
			name = Debug;
		};
		C948F7C21F44454C00697E5B /* Release */ = {
			isa = XCBuildConfiguration;
			buildSettings = {
				ASSETCATALOG_COMPILER_APPICON_NAME = AppIcon;
				DEVELOPMENT_TEAM = VZ75Z3NBT9;
				INFOPLIST_FILE = ReflectionManagerDemo/Info.plist;
				LD_RUNPATH_SEARCH_PATHS = "$(inherited) @executable_path/Frameworks";
				PRODUCT_BUNDLE_IDENTIFIER = com.uzone.ReflectionManagerDemo;
				PRODUCT_NAME = "$(TARGET_NAME)";
			};
			name = Release;
		};
/* End XCBuildConfiguration section */

/* Begin XCConfigurationList section */
		C948F7A41F44454C00697E5B /* Build configuration list for PBXProject "ReflectionManagerDemo" */ = {
			isa = XCConfigurationList;
			buildConfigurations = (
				C948F7BE1F44454C00697E5B /* Debug */,
				C948F7BF1F44454C00697E5B /* Release */,
			);
			defaultConfigurationIsVisible = 0;
			defaultConfigurationName = Release;
		};
		C948F7C01F44454C00697E5B /* Build configuration list for PBXNativeTarget "ReflectionManagerDemo" */ = {
			isa = XCConfigurationList;
			buildConfigurations = (
				C948F7C11F44454C00697E5B /* Debug */,
				C948F7C21F44454C00697E5B /* Release */,
			);
			defaultConfigurationIsVisible = 0;
		};
/* End XCConfigurationList section */
	};
	rootObject = C948F7A11F44454C00697E5B /* Project object */;
}
